{
  "originHash" : "de0e8e285d9e7cd79c236cf766650053556550045242e6d007deb092a0366d19",
  "pins" : [
    {
      "identity" : "threemfkit",
      "kind" : "remoteSourceControl",
      "location" : "https://github.com/trsdn/ThreeMFKit.git",
      "state" : {
        "revision" : "1c3756fcc64f00e8a7ec927156908934ddbdc541",
        "version" : "1.0.1"
      }
    },
    {
      "identity" : "zipfoundation",
      "kind" : "remoteSourceControl",
      "location" : "https://github.com/weichsel/ZIPFoundation.git",
      "state" : {
        "revision" : "22787ffb59de99e5dc1fbfe80b19c97a904ad48d",
        "version" : "0.9.20"
      }
    }
  ],
  "version" : 3
}
