// !$*UTF8*$!
{
	archiveVersion = 1;
	classes = {
	};
	objectVersion = 77;
	objects = {

/* Begin PBXBuildFile section */
		016EC77BC0BEAA97C79DB10A /* ThreeMFKit in Frameworks */ = {isa = PBXBuildFile; productRef = 812EE5F3B8524578EA194D18 /* ThreeMFKit */; };
		264F56B65F0A9E0137E754F5 /* PreviewProvider.swift in Sources */ = {isa = PBXBuildFile; fileRef = B0038FB3893DD140FBE2327F /* PreviewProvider.swift */; };
		56D4A1520E74C21F6611A465 /* Assets.xcassets in Resources */ = {isa = PBXBuildFile; fileRef = EF795E3E429EDC846ED8982C /* Assets.xcassets */; };
		7AC7AA790DD393407BDEF477 /* ContentView.swift in Sources */ = {isa = PBXBuildFile; fileRef = F0FCB9492A3670974F79E603 /* ContentView.swift */; };
		C3FB9EC172327F1AA99B9A8C /* ThumbnailProvider.swift in Sources */ = {isa = PBXBuildFile; fileRef = B86A14A65D131F576559C4BA /* ThumbnailProvider.swift */; };
		C68F0F57A61C29F5F2B14A67 /* ThreeMFThumbnailExtension.appex in Embed Foundation Extensions */ = {isa = PBXBuildFile; fileRef = DE5FD198F4E4B165A87F445A /* ThreeMFThumbnailExtension.appex */; settings = {ATTRIBUTES = (RemoveHeadersOnCopy, ); }; };
		C954BEB1E1B79FB9EEA3E278 /* ThreeMFKit in Frameworks */ = {isa = PBXBuildFile; productRef = AD8F67AB4A64150A6BC6544F /* ThreeMFKit */; };
		CE4AEB3AB950241E7930FDCD /* ThreeMFQuickLookApp.swift in Sources */ = {isa = PBXBuildFile; fileRef = 18BE873B27FF16F763199C75 /* ThreeMFQuickLookApp.swift */; };
		E7DB9E61BC340CB368C21ECD /* ThreeMFPreviewExtension.appex in Embed Foundation Extensions */ = {isa = PBXBuildFile; fileRef = E4B3F18C69B035351E2BA56C /* ThreeMFPreviewExtension.appex */; settings = {ATTRIBUTES = (RemoveHeadersOnCopy, ); }; };
/* End PBXBuildFile section */

/* Begin PBXContainerItemProxy section */
		C956E9119E51B2720AE20C4C /* PBXContainerItemProxy */ = {
			isa = PBXContainerItemProxy;
			containerPortal = B7CB72BEFB8AAEA79F928D57 /* Project object */;
			proxyType = 1;
			remoteGlobalIDString = A8CFCD17A257DD7BBB03BBB9;
			remoteInfo = ThreeMFThumbnailExtension;
		};
		D2F6F2FA0F16EB8DE8B79B83 /* PBXContainerItemProxy */ = {
			isa = PBXContainerItemProxy;
			containerPortal = B7CB72BEFB8AAEA79F928D57 /* Project object */;
			proxyType = 1;
			remoteGlobalIDString = 340269FF326B8B43FEF4BD3E;
			remoteInfo = ThreeMFPreviewExtension;
		};
/* End PBXContainerItemProxy section */

/* Begin PBXCopyFilesBuildPhase section */
		7E8077FA5085EB0FD51EAED0 /* Embed Foundation Extensions */ = {
			isa = PBXCopyFilesBuildPhase;
			buildActionMask = 2147483647;
			dstPath = "";
			dstSubfolderSpec = 13;
			files = (
				E7DB9E61BC340CB368C21ECD /* ThreeMFPreviewExtension.appex in Embed Foundation Extensions */,
				C68F0F57A61C29F5F2B14A67 /* ThreeMFThumbnailExtension.appex in Embed Foundation Extensions */,
			);
			name = "Embed Foundation Extensions";
			runOnlyForDeploymentPostprocessing = 0;
		};
/* End PBXCopyFilesBuildPhase section */

/* Begin PBXFileReference section */
		18BE873B27FF16F763199C75 /* ThreeMFQuickLookApp.swift */ = {isa = PBXFileReference; lastKnownFileType = sourcecode.swift; path = ThreeMFQuickLookApp.swift; sourceTree = "<group>"; };
		57B0EB762EA156CDE25E7461 /* ThreeMFQuickLook.entitlements */ = {isa = PBXFileReference; lastKnownFileType = text.plist.entitlements; path = ThreeMFQuickLook.entitlements; sourceTree = "<group>"; };
		70A7DE04FBF454411980A98A /* ThreeMFPreviewExtension.entitlements */ = {isa = PBXFileReference; lastKnownFileType = text.plist.entitlements; path = ThreeMFPreviewExtension.entitlements; sourceTree = "<group>"; };
		71098E7ADF97D26242FC818C /* ThreeMFQuickLook.app */ = {isa = PBXFileReference; explicitFileType = wrapper.application; includeInIndex = 0; path = ThreeMFQuickLook.app; sourceTree = BUILT_PRODUCTS_DIR; };
		832D25AD36FDD5AF1FE35D40 /* Info.plist */ = {isa = PBXFileReference; lastKnownFileType = text.plist; path = Info.plist; sourceTree = "<group>"; };
		8F119353E770DAD690B4196E /* ThreeMFKit */ = {isa = PBXFileReference; lastKnownFileType = folder; name = ThreeMFKit; path = ../ThreeMFKit; sourceTree = SOURCE_ROOT; };
		B0038FB3893DD140FBE2327F /* PreviewProvider.swift */ = {isa = PBXFileReference; lastKnownFileType = sourcecode.swift; path = PreviewProvider.swift; sourceTree = "<group>"; };
		B86A14A65D131F576559C4BA /* ThumbnailProvider.swift */ = {isa = PBXFileReference; lastKnownFileType = sourcecode.swift; path = ThumbnailProvider.swift; sourceTree = "<group>"; };
		BA7F0FF2DD6EFC53DE163D30 /* Info.plist */ = {isa = PBXFileReference; lastKnownFileType = text.plist; path = Info.plist; sourceTree = "<group>"; };
		BA91647CCAFCB6074F26D9BD /* ThreeMFThumbnailExtension.entitlements */ = {isa = PBXFileReference; lastKnownFileType = text.plist.entitlements; path = ThreeMFThumbnailExtension.entitlements; sourceTree = "<group>"; };
		DE5FD198F4E4B165A87F445A /* ThreeMFThumbnailExtension.appex */ = {isa = PBXFileReference; explicitFileType = "wrapper.app-extension"; includeInIndex = 0; path = ThreeMFThumbnailExtension.appex; sourceTree = BUILT_PRODUCTS_DIR; };
		E4B3F18C69B035351E2BA56C /* ThreeMFPreviewExtension.appex */ = {isa = PBXFileReference; explicitFileType = "wrapper.app-extension"; includeInIndex = 0; path = ThreeMFPreviewExtension.appex; sourceTree = BUILT_PRODUCTS_DIR; };
		EAE4634A68AB309C83874096 /* Info.plist */ = {isa = PBXFileReference; lastKnownFileType = text.plist; path = Info.plist; sourceTree = "<group>"; };
		EF795E3E429EDC846ED8982C /* Assets.xcassets */ = {isa = PBXFileReference; lastKnownFileType = folder.assetcatalog; path = Assets.xcassets; sourceTree = "<group>"; };
		F0FCB9492A3670974F79E603 /* ContentView.swift */ = {isa = PBXFileReference; lastKnownFileType = sourcecode.swift; path = ContentView.swift; sourceTree = "<group>"; };
/* End PBXFileReference section */

/* Begin PBXFrameworksBuildPhase section */
		4C3CA20D93B2665D26D5669C /* Frameworks */ = {
			isa = PBXFrameworksBuildPhase;
			buildActionMask = 2147483647;
			files = (
				016EC77BC0BEAA97C79DB10A /* ThreeMFKit in Frameworks */,
			);
			runOnlyForDeploymentPostprocessing = 0;
		};
		576E80787F98FFFAF4D7308C /* Frameworks */ = {
			isa = PBXFrameworksBuildPhase;
			buildActionMask = 2147483647;
			files = (
				C954BEB1E1B79FB9EEA3E278 /* ThreeMFKit in Frameworks */,
			);
			runOnlyForDeploymentPostprocessing = 0;
		};
/* End PBXFrameworksBuildPhase section */

/* Begin PBXGroup section */
		0AB8B3B1887B87BF000E76F6 /* ThreeMFPreviewExtension */ = {
			isa = PBXGroup;
			children = (
				EAE4634A68AB309C83874096 /* Info.plist */,
				B0038FB3893DD140FBE2327F /* PreviewProvider.swift */,
				70A7DE04FBF454411980A98A /* ThreeMFPreviewExtension.entitlements */,
			);
			name = ThreeMFPreviewExtension;
			path = Sources/ThreeMFPreviewExtension;
			sourceTree = "<group>";
		};
		1118165F2377B24C2B22485C /* Packages */ = {
			isa = PBXGroup;
			children = (
				8F119353E770DAD690B4196E /* ThreeMFKit */,
			);
			name = Packages;
			sourceTree = "<group>";
		};
		2F128B08C2525F9ED47BCC82 /* Products */ = {
			isa = PBXGroup;
			children = (
				E4B3F18C69B035351E2BA56C /* ThreeMFPreviewExtension.appex */,
				71098E7ADF97D26242FC818C /* ThreeMFQuickLook.app */,
				DE5FD198F4E4B165A87F445A /* ThreeMFThumbnailExtension.appex */,
			);
			name = Products;
			sourceTree = "<group>";
		};
		4624CEC85639F2A0698D3773 /* ThreeMFQuickLookApp */ = {
			isa = PBXGroup;
			children = (
				EF795E3E429EDC846ED8982C /* Assets.xcassets */,
				F0FCB9492A3670974F79E603 /* ContentView.swift */,
				832D25AD36FDD5AF1FE35D40 /* Info.plist */,
				57B0EB762EA156CDE25E7461 /* ThreeMFQuickLook.entitlements */,
				18BE873B27FF16F763199C75 /* ThreeMFQuickLookApp.swift */,
			);
			name = ThreeMFQuickLookApp;
			path = Sources/ThreeMFQuickLookApp;
			sourceTree = "<group>";
		};
		4DA840EE9D95FD6226B79834 = {
			isa = PBXGroup;
			children = (
				1118165F2377B24C2B22485C /* Packages */,
				0AB8B3B1887B87BF000E76F6 /* ThreeMFPreviewExtension */,
				4624CEC85639F2A0698D3773 /* ThreeMFQuickLookApp */,
				C83D5E109C547E002C75C35E /* ThreeMFThumbnailExtension */,
				2F128B08C2525F9ED47BCC82 /* Products */,
			);
			sourceTree = "<group>";
		};
		C83D5E109C547E002C75C35E /* ThreeMFThumbnailExtension */ = {
			isa = PBXGroup;
			children = (
				BA7F0FF2DD6EFC53DE163D30 /* Info.plist */,
				BA91647CCAFCB6074F26D9BD /* ThreeMFThumbnailExtension.entitlements */,
				B86A14A65D131F576559C4BA /* ThumbnailProvider.swift */,
			);
			name = ThreeMFThumbnailExtension;
			path = Sources/ThreeMFThumbnailExtension;
			sourceTree = "<group>";
		};
/* End PBXGroup section */

/* Begin PBXNativeTarget section */
		340269FF326B8B43FEF4BD3E /* ThreeMFPreviewExtension */ = {
			isa = PBXNativeTarget;
			buildConfigurationList = 1EC75B032C0AC2754A997309 /* Build configuration list for PBXNativeTarget "ThreeMFPreviewExtension" */;
			buildPhases = (
				4CCBEB1362540B8CEE01ABC5 /* Sources */,
				4C3CA20D93B2665D26D5669C /* Frameworks */,
			);
			buildRules = (
			);
			dependencies = (
			);
			name = ThreeMFPreviewExtension;
			packageProductDependencies = (
				812EE5F3B8524578EA194D18 /* ThreeMFKit */,
			);
			productName = ThreeMFPreviewExtension;
			productReference = E4B3F18C69B035351E2BA56C /* ThreeMFPreviewExtension.appex */;
			productType = "com.apple.product-type.app-extension";
		};
		342371DC68EF0FCFD1D58B5F /* ThreeMFQuickLook */ = {
			isa = PBXNativeTarget;
			buildConfigurationList = E5465DABE67AB272779A5774 /* Build configuration list for PBXNativeTarget "ThreeMFQuickLook" */;
			buildPhases = (
				4357CD5A759D451511740C3B /* Sources */,
				F726726340A390F6F5BB16BD /* Resources */,
				7E8077FA5085EB0FD51EAED0 /* Embed Foundation Extensions */,
			);
			buildRules = (
			);
			dependencies = (
				ABC17D04500C38FA8AA5AD4A /* PBXTargetDependency */,
				0DA9C932DAA51522A57A26AA /* PBXTargetDependency */,
			);
			name = ThreeMFQuickLook;
			packageProductDependencies = (
			);
			productName = ThreeMFQuickLook;
			productReference = 71098E7ADF97D26242FC818C /* ThreeMFQuickLook.app */;
			productType = "com.apple.product-type.application";
		};
		A8CFCD17A257DD7BBB03BBB9 /* ThreeMFThumbnailExtension */ = {
			isa = PBXNativeTarget;
			buildConfigurationList = 0A43D8703E34A14F43DDC440 /* Build configuration list for PBXNativeTarget "ThreeMFThumbnailExtension" */;
			buildPhases = (
				61DA36461A88FFFDF3FA38A9 /* Sources */,
				576E80787F98FFFAF4D7308C /* Frameworks */,
			);
			buildRules = (
			);
			dependencies = (
			);
			name = ThreeMFThumbnailExtension;
			packageProductDependencies = (
				AD8F67AB4A64150A6BC6544F /* ThreeMFKit */,
			);
			productName = ThreeMFThumbnailExtension;
			productReference = DE5FD198F4E4B165A87F445A /* ThreeMFThumbnailExtension.appex */;
			productType = "com.apple.product-type.app-extension";
		};
/* End PBXNativeTarget section */

/* Begin PBXProject section */
		B7CB72BEFB8AAEA79F928D57 /* Project object */ = {
			isa = PBXProject;
			attributes = {
				BuildIndependentTargetsInParallel = YES;
				LastUpgradeCheck = 1430;
				TargetAttributes = {
				};
			};
			buildConfigurationList = FB323586D0FD9DA2FA96001C /* Build configuration list for PBXProject "ThreeMFQuickLook" */;
			developmentRegion = en;
			hasScannedForEncodings = 0;
			knownRegions = (
				Base,
				en,
			);
			mainGroup = 4DA840EE9D95FD6226B79834;
			minimizedProjectReferenceProxies = 1;
			packageReferences = (
				BDF5E970BEA80E79F18BB9C8 /* XCLocalSwiftPackageReference "../ThreeMFKit" */,
			);
			preferredProjectObjectVersion = 77;
			productRefGroup = 2F128B08C2525F9ED47BCC82 /* Products */;
			projectDirPath = "";
			projectRoot = "";
			targets = (
				342371DC68EF0FCFD1D58B5F /* ThreeMFQuickLook */,
				340269FF326B8B43FEF4BD3E /* ThreeMFPreviewExtension */,
				A8CFCD17A257DD7BBB03BBB9 /* ThreeMFThumbnailExtension */,
			);
		};
/* End PBXProject section */

/* Begin PBXResourcesBuildPhase section */
		F726726340A390F6F5BB16BD /* Resources */ = {
			isa = PBXResourcesBuildPhase;
			buildActionMask = 2147483647;
			files = (
				56D4A1520E74C21F6611A465 /* Assets.xcassets in Resources */,
			);
			runOnlyForDeploymentPostprocessing = 0;
		};
/* End PBXResourcesBuildPhase section */

/* Begin PBXSourcesBuildPhase section */
		4357CD5A759D451511740C3B /* Sources */ = {
			isa = PBXSourcesBuildPhase;
			buildActionMask = 2147483647;
			files = (
				7AC7AA790DD393407BDEF477 /* ContentView.swift in Sources */,
				CE4AEB3AB950241E7930FDCD /* ThreeMFQuickLookApp.swift in Sources */,
			);
			runOnlyForDeploymentPostprocessing = 0;
		};
		4CCBEB1362540B8CEE01ABC5 /* Sources */ = {
			isa = PBXSourcesBuildPhase;
			buildActionMask = 2147483647;
			files = (
				264F56B65F0A9E0137E754F5 /* PreviewProvider.swift in Sources */,
			);
			runOnlyForDeploymentPostprocessing = 0;
		};
		61DA36461A88FFFDF3FA38A9 /* Sources */ = {
			isa = PBXSourcesBuildPhase;
			buildActionMask = 2147483647;
			files = (
				C3FB9EC172327F1AA99B9A8C /* ThumbnailProvider.swift in Sources */,
			);
			runOnlyForDeploymentPostprocessing = 0;
		};
/* End PBXSourcesBuildPhase section */

/* Begin PBXTargetDependency section */
		0DA9C932DAA51522A57A26AA /* PBXTargetDependency */ = {
			isa = PBXTargetDependency;
			target = A8CFCD17A257DD7BBB03BBB9 /* ThreeMFThumbnailExtension */;
			targetProxy = C956E9119E51B2720AE20C4C /* PBXContainerItemProxy */;
		};
		ABC17D04500C38FA8AA5AD4A /* PBXTargetDependency */ = {
			isa = PBXTargetDependency;
			target = 340269FF326B8B43FEF4BD3E /* ThreeMFPreviewExtension */;
			targetProxy = D2F6F2FA0F16EB8DE8B79B83 /* PBXContainerItemProxy */;
		};
/* End PBXTargetDependency section */

/* Begin XCBuildConfiguration section */
		2AC5FAA55117A5C84BB94C96 /* Release */ = {
			isa = XCBuildConfiguration;
			buildSettings = {
				ALWAYS_SEARCH_USER_PATHS = NO;
				CLANG_ANALYZER_NONNULL = YES;
				CLANG_ANALYZER_NUMBER_OBJECT_CONVERSION = YES_AGGRESSIVE;
				CLANG_CXX_LANGUAGE_STANDARD = "gnu++14";
				CLANG_CXX_LIBRARY = "libc++";
				CLANG_ENABLE_MODULES = YES;
				CLANG_ENABLE_OBJC_ARC = YES;
				CLANG_ENABLE_OBJC_WEAK = YES;
				CLANG_WARN_BLOCK_CAPTURE_AUTORELEASING = YES;
				CLANG_WARN_BOOL_CONVERSION = YES;
				CLANG_WARN_COMMA = YES;
				CLANG_WARN_CONSTANT_CONVERSION = YES;
				CLANG_WARN_DEPRECATED_OBJC_IMPLEMENTATIONS = YES;
				CLANG_WARN_DIRECT_OBJC_ISA_USAGE = YES_ERROR;
				CLANG_WARN_DOCUMENTATION_COMMENTS = YES;
				CLANG_WARN_EMPTY_BODY = YES;
				CLANG_WARN_ENUM_CONVERSION = YES;
				CLANG_WARN_INFINITE_RECURSION = YES;
				CLANG_WARN_INT_CONVERSION = YES;
				CLANG_WARN_NON_LITERAL_NULL_CONVERSION = YES;
				CLANG_WARN_OBJC_IMPLICIT_RETAIN_SELF = YES;
				CLANG_WARN_OBJC_LITERAL_CONVERSION = YES;
				CLANG_WARN_OBJC_ROOT_CLASS = YES_ERROR;
				CLANG_WARN_QUOTED_INCLUDE_IN_FRAMEWORK_HEADER = YES;
				CLANG_WARN_RANGE_LOOP_ANALYSIS = YES;
				CLANG_WARN_STRICT_PROTOTYPES = YES;
				CLANG_WARN_SUSPICIOUS_MOVE = YES;
				CLANG_WARN_UNGUARDED_AVAILABILITY = YES_AGGRESSIVE;
				CLANG_WARN_UNREACHABLE_CODE = YES;
				CLANG_WARN__DUPLICATE_METHOD_MATCH = YES;
				COPY_PHASE_STRIP = NO;
				CURRENT_PROJECT_VERSION = 5;
				DEBUG_INFORMATION_FORMAT = "dwarf-with-dsym";
				ENABLE_NS_ASSERTIONS = NO;
				ENABLE_STRICT_OBJC_MSGSEND = YES;
				ENABLE_USER_SCRIPT_SANDBOXING = YES;
				GCC_C_LANGUAGE_STANDARD = gnu11;
				GCC_NO_COMMON_BLOCKS = YES;
				GCC_WARN_64_TO_32_BIT_CONVERSION = YES;
				GCC_WARN_ABOUT_RETURN_TYPE = YES_ERROR;
				GCC_WARN_UNDECLARED_SELECTOR = YES;
				GCC_WARN_UNINITIALIZED_AUTOS = YES_AGGRESSIVE;
				GCC_WARN_UNUSED_FUNCTION = YES;
				GCC_WARN_UNUSED_VARIABLE = YES;
				MACOSX_DEPLOYMENT_TARGET = 15.0;
				MARKETING_VERSION = 0.1.6;
				MTL_ENABLE_DEBUG_INFO = NO;
				MTL_FAST_MATH = YES;
				PRODUCT_NAME = "$(TARGET_NAME)";
				SDKROOT = macosx;
				SWIFT_COMPILATION_MODE = wholemodule;
				SWIFT_OPTIMIZATION_LEVEL = "-O";
				SWIFT_VERSION = 6.0;
			};
			name = Release;
		};
		34E36718634630E275275BC0 /* Release */ = {
			isa = XCBuildConfiguration;
			buildSettings = {
				APPLICATION_EXTENSION_API_ONLY = YES;
				CODE_SIGN_ENTITLEMENTS = Sources/ThreeMFPreviewExtension/ThreeMFPreviewExtension.entitlements;
				COMBINE_HIDPI_IMAGES = YES;
				INFOPLIST_FILE = Sources/ThreeMFPreviewExtension/Info.plist;
				LD_RUNPATH_SEARCH_PATHS = (
					"$(inherited)",
					"@executable_path/../Frameworks",
					"@executable_path/../../../../Frameworks",
				);
				PRODUCT_BUNDLE_IDENTIFIER = com.printfilemanager.ThreeMFQuickLook.preview;
				SDKROOT = macosx;
			};
			name = Release;
		};
		9BFBA34722318068654AEE70 /* Debug */ = {
			isa = XCBuildConfiguration;
			buildSettings = {
				ASSETCATALOG_COMPILER_APPICON_NAME = AppIcon;
				CODE_SIGN_ENTITLEMENTS = Sources/ThreeMFQuickLookApp/ThreeMFQuickLook.entitlements;
				COMBINE_HIDPI_IMAGES = YES;
				INFOPLIST_FILE = Sources/ThreeMFQuickLookApp/Info.plist;
				LD_RUNPATH_SEARCH_PATHS = (
					"$(inherited)",
					"@executable_path/../Frameworks",
				);
				PRODUCT_BUNDLE_IDENTIFIER = com.printfilemanager.ThreeMFQuickLook;
				SDKROOT = macosx;
			};
			name = Debug;
		};
		A2A69D3804F89FF504B156B3 /* Release */ = {
			isa = XCBuildConfiguration;
			buildSettings = {
				ASSETCATALOG_COMPILER_APPICON_NAME = AppIcon;
				CODE_SIGN_ENTITLEMENTS = Sources/ThreeMFQuickLookApp/ThreeMFQuickLook.entitlements;
				COMBINE_HIDPI_IMAGES = YES;
				INFOPLIST_FILE = Sources/ThreeMFQuickLookApp/Info.plist;
				LD_RUNPATH_SEARCH_PATHS = (
					"$(inherited)",
					"@executable_path/../Frameworks",
				);
				PRODUCT_BUNDLE_IDENTIFIER = com.printfilemanager.ThreeMFQuickLook;
				SDKROOT = macosx;
			};
			name = Release;
		};
		C65DE6043D6EC7F4B5DE4272 /* Debug */ = {
			isa = XCBuildConfiguration;
			buildSettings = {
				APPLICATION_EXTENSION_API_ONLY = YES;
				CODE_SIGN_ENTITLEMENTS = Sources/ThreeMFThumbnailExtension/ThreeMFThumbnailExtension.entitlements;
				COMBINE_HIDPI_IMAGES = YES;
				INFOPLIST_FILE = Sources/ThreeMFThumbnailExtension/Info.plist;
				LD_RUNPATH_SEARCH_PATHS = (
					"$(inherited)",
					"@executable_path/../Frameworks",
					"@executable_path/../../../../Frameworks",
				);
				PRODUCT_BUNDLE_IDENTIFIER = com.printfilemanager.ThreeMFQuickLook.thumbnail;
				SDKROOT = macosx;
			};
			name = Debug;
		};
		CD47AB45E19E2DD19EC4A113 /* Debug */ = {
			isa = XCBuildConfiguration;
			buildSettings = {
				APPLICATION_EXTENSION_API_ONLY = YES;
				CODE_SIGN_ENTITLEMENTS = Sources/ThreeMFPreviewExtension/ThreeMFPreviewExtension.entitlements;
				COMBINE_HIDPI_IMAGES = YES;
				INFOPLIST_FILE = Sources/ThreeMFPreviewExtension/Info.plist;
				LD_RUNPATH_SEARCH_PATHS = (
					"$(inherited)",
					"@executable_path/../Frameworks",
					"@executable_path/../../../../Frameworks",
				);
				PRODUCT_BUNDLE_IDENTIFIER = com.printfilemanager.ThreeMFQuickLook.preview;
				SDKROOT = macosx;
			};
			name = Debug;
		};
		D85A9D1397D41D1D4B9EE6CA /* Debug */ = {
			isa = XCBuildConfiguration;
			buildSettings = {
				ALWAYS_SEARCH_USER_PATHS = NO;
				CLANG_ANALYZER_NONNULL = YES;
				CLANG_ANALYZER_NUMBER_OBJECT_CONVERSION = YES_AGGRESSIVE;
				CLANG_CXX_LANGUAGE_STANDARD = "gnu++14";
				CLANG_CXX_LIBRARY = "libc++";
				CLANG_ENABLE_MODULES = YES;
				CLANG_ENABLE_OBJC_ARC = YES;
				CLANG_ENABLE_OBJC_WEAK = YES;
				CLANG_WARN_BLOCK_CAPTURE_AUTORELEASING = YES;
				CLANG_WARN_BOOL_CONVERSION = YES;
				CLANG_WARN_COMMA = YES;
				CLANG_WARN_CONSTANT_CONVERSION = YES;
				CLANG_WARN_DEPRECATED_OBJC_IMPLEMENTATIONS = YES;
				CLANG_WARN_DIRECT_OBJC_ISA_USAGE = YES_ERROR;
				CLANG_WARN_DOCUMENTATION_COMMENTS = YES;
				CLANG_WARN_EMPTY_BODY = YES;
				CLANG_WARN_ENUM_CONVERSION = YES;
				CLANG_WARN_INFINITE_RECURSION = YES;
				CLANG_WARN_INT_CONVERSION = YES;
				CLANG_WARN_NON_LITERAL_NULL_CONVERSION = YES;
				CLANG_WARN_OBJC_IMPLICIT_RETAIN_SELF = YES;
				CLANG_WARN_OBJC_LITERAL_CONVERSION = YES;
				CLANG_WARN_OBJC_ROOT_CLASS = YES_ERROR;
				CLANG_WARN_QUOTED_INCLUDE_IN_FRAMEWORK_HEADER = YES;
				CLANG_WARN_RANGE_LOOP_ANALYSIS = YES;
				CLANG_WARN_STRICT_PROTOTYPES = YES;
				CLANG_WARN_SUSPICIOUS_MOVE = YES;
				CLANG_WARN_UNGUARDED_AVAILABILITY = YES_AGGRESSIVE;
				CLANG_WARN_UNREACHABLE_CODE = YES;
				CLANG_WARN__DUPLICATE_METHOD_MATCH = YES;
				COPY_PHASE_STRIP = NO;
				CURRENT_PROJECT_VERSION = 5;
				DEBUG_INFORMATION_FORMAT = dwarf;
				ENABLE_STRICT_OBJC_MSGSEND = YES;
				ENABLE_TESTABILITY = YES;
				ENABLE_USER_SCRIPT_SANDBOXING = YES;
				GCC_C_LANGUAGE_STANDARD = gnu11;
				GCC_DYNAMIC_NO_PIC = NO;
				GCC_NO_COMMON_BLOCKS = YES;
				GCC_OPTIMIZATION_LEVEL = 0;
				GCC_PREPROCESSOR_DEFINITIONS = (
					"$(inherited)",
					"DEBUG=1",
				);
				GCC_WARN_64_TO_32_BIT_CONVERSION = YES;
				GCC_WARN_ABOUT_RETURN_TYPE = YES_ERROR;
				GCC_WARN_UNDECLARED_SELECTOR = YES;
				GCC_WARN_UNINITIALIZED_AUTOS = YES_AGGRESSIVE;
				GCC_WARN_UNUSED_FUNCTION = YES;
				GCC_WARN_UNUSED_VARIABLE = YES;
				MACOSX_DEPLOYMENT_TARGET = 15.0;
				MARKETING_VERSION = 0.1.6;
				MTL_ENABLE_DEBUG_INFO = INCLUDE_SOURCE;
				MTL_FAST_MATH = YES;
				ONLY_ACTIVE_ARCH = YES;
				PRODUCT_NAME = "$(TARGET_NAME)";
				SDKROOT = macosx;
				SWIFT_ACTIVE_COMPILATION_CONDITIONS = DEBUG;
				SWIFT_OPTIMIZATION_LEVEL = "-Onone";
				SWIFT_VERSION = 6.0;
			};
			name = Debug;
		};
		E53A54859FFA32142DB903AA /* Release */ = {
			isa = XCBuildConfiguration;
			buildSettings = {
				APPLICATION_EXTENSION_API_ONLY = YES;
				CODE_SIGN_ENTITLEMENTS = Sources/ThreeMFThumbnailExtension/ThreeMFThumbnailExtension.entitlements;
				COMBINE_HIDPI_IMAGES = YES;
				INFOPLIST_FILE = Sources/ThreeMFThumbnailExtension/Info.plist;
				LD_RUNPATH_SEARCH_PATHS = (
					"$(inherited)",
					"@executable_path/../Frameworks",
					"@executable_path/../../../../Frameworks",
				);
				PRODUCT_BUNDLE_IDENTIFIER = com.printfilemanager.ThreeMFQuickLook.thumbnail;
				SDKROOT = macosx;
			};
			name = Release;
		};
/* End XCBuildConfiguration section */

/* Begin XCConfigurationList section */
		0A43D8703E34A14F43DDC440 /* Build configuration list for PBXNativeTarget "ThreeMFThumbnailExtension" */ = {
			isa = XCConfigurationList;
			buildConfigurations = (
				C65DE6043D6EC7F4B5DE4272 /* Debug */,
				E53A54859FFA32142DB903AA /* Release */,
			);
			defaultConfigurationIsVisible = 0;
			defaultConfigurationName = Debug;
		};
		1EC75B032C0AC2754A997309 /* Build configuration list for PBXNativeTarget "ThreeMFPreviewExtension" */ = {
			isa = XCConfigurationList;
			buildConfigurations = (
				CD47AB45E19E2DD19EC4A113 /* Debug */,
				34E36718634630E275275BC0 /* Release */,
			);
			defaultConfigurationIsVisible = 0;
			defaultConfigurationName = Debug;
		};
		E5465DABE67AB272779A5774 /* Build configuration list for PBXNativeTarget "ThreeMFQuickLook" */ = {
			isa = XCConfigurationList;
			buildConfigurations = (
				9BFBA34722318068654AEE70 /* Debug */,
				A2A69D3804F89FF504B156B3 /* Release */,
			);
			defaultConfigurationIsVisible = 0;
			defaultConfigurationName = Debug;
		};
		FB323586D0FD9DA2FA96001C /* Build configuration list for PBXProject "ThreeMFQuickLook" */ = {
			isa = XCConfigurationList;
			buildConfigurations = (
				D85A9D1397D41D1D4B9EE6CA /* Debug */,
				2AC5FAA55117A5C84BB94C96 /* Release */,
			);
			defaultConfigurationIsVisible = 0;
			defaultConfigurationName = Debug;
		};
/* End XCConfigurationList section */

/* Begin XCLocalSwiftPackageReference section */
		BDF5E970BEA80E79F18BB9C8 /* XCLocalSwiftPackageReference "../ThreeMFKit" */ = {
			isa = XCLocalSwiftPackageReference;
			relativePath = ../ThreeMFKit;
		};
/* End XCLocalSwiftPackageReference section */

/* Begin XCSwiftPackageProductDependency section */
		812EE5F3B8524578EA194D18 /* ThreeMFKit */ = {
			isa = XCSwiftPackageProductDependency;
			productName = ThreeMFKit;
		};
		AD8F67AB4A64150A6BC6544F /* ThreeMFKit */ = {
			isa = XCSwiftPackageProductDependency;
			productName = ThreeMFKit;
		};
/* End XCSwiftPackageProductDependency section */
	};
	rootObject = B7CB72BEFB8AAEA79F928D57 /* Project object */;
}
